
Microsoft Visual Studio Solution File, Format Version 12.00
# Visual Studio 15
VisualStudioVersion = 15.0.28307.271
MinimumVisualStudioVersion = 10.0.40219.1
Project("{FAE04EC0-301F-11D3-BF4B-00C04F79EFBC}") = "Sample", "Sample\Sample.csproj", "{D54943C6-541B-4DB6-B715-65396636F0BA}"
EndProject
Global
	GlobalSection(SolutionConfigurationPlatforms) = preSolution
		Debug|Any CPU = Debug|Any CPU
		Release|Any CPU = Release|Any CPU
	EndGlobalSection
	GlobalSection(ProjectConfigurationPlatforms) = postSolution
		{D54943C6-541B-4DB6-B715-65396636F0BA}.Debug|Any CPU.ActiveCfg = Debug|Any CPU
		{D54943C6-541B-4DB6-B715-65396636F0BA}.Debug|Any CPU.Build.0 = Debug|Any CPU
		{D54943C6-541B-4DB6-B715-65396636F0BA}.Release|Any CPU.ActiveCfg = Release|Any CPU
		{D54943C6-541B-4DB6-B715-65396636F0BA}.Release|Any CPU.Build.0 = Release|Any CPU
	EndGlobalSection
	GlobalSection(SolutionProperties) = preSolution
		HideSolutionNode = FALSE
	EndGlobalSection
	GlobalSection(ExtensibilityGlobals) = postSolution
		SolutionGuid = {BEB600BE-83F0-4294-9292-E0E1B6D64670}
	EndGlobalSection
EndGlobal
